
Microsoft Visual Studio Solution File, Format Version 12.00
# Visual Studio Version 17
VisualStudioVersion = 17.0.32014.148
MinimumVisualStudioVersion = 10.0.40219.1
Project("{9A19103F-16F7-4668-BE54-9A1E7A4F7556}") = "FichaDeMusicosCCB.Api", "FichaDeMusicosCCB.Api\FichaDeMusicosCCB.Api.csproj", "{5F4AA21E-4072-42E2-8FF2-4EA01CAB12AE}"
EndProject
Global
	GlobalSection(SolutionConfigurationPlatforms) = preSolution
		Debug|Any CPU = Debug|Any CPU
		Release|Any CPU = Release|Any CPU
	EndGlobalSection
	GlobalSection(ProjectConfigurationPlatforms) = postSolution
		{5F4AA21E-4072-42E2-8FF2-4EA01CAB12AE}.Debug|Any CPU.ActiveCfg = Debug|Any CPU
		{5F4AA21E-4072-42E2-8FF2-4EA01CAB12AE}.Debug|Any CPU.Build.0 = Debug|Any CPU
		{5F4AA21E-4072-42E2-8FF2-4EA01CAB12AE}.Release|Any CPU.ActiveCfg = Release|Any CPU
		{5F4AA21E-4072-42E2-8FF2-4EA01CAB12AE}.Release|Any CPU.Build.0 = Release|Any CPU
	EndGlobalSection
	GlobalSection(SolutionProperties) = preSolution
		HideSolutionNode = FALSE
	EndGlobalSection
	GlobalSection(ExtensibilityGlobals) = postSolution
		SolutionGuid = {CF5C1FBF-CCC0-4E92-8DF3-082B2D321844}
	EndGlobalSection
EndGlobal
